
Microsoft Visual Studio Solution File, Format Version 12.00
# Visual Studio 15
VisualStudioVersion = 15.0.28010.2046
MinimumVisualStudioVersion = 10.0.40219.1
Project("{FAE04EC0-301F-11D3-BF4B-00C04F79EFBC}") = "Classwith3Methods", "Classwith3Methods\Classwith3Methods.csproj", "{12FB77E4-7C30-4B7B-855D-517F1A8ECB61}"
EndProject
Global
	GlobalSection(SolutionConfigurationPlatforms) = preSolution
		Debug|Any CPU = Debug|Any CPU
		Release|Any CPU = Release|Any CPU
	EndGlobalSection
	GlobalSection(ProjectConfigurationPlatforms) = postSolution
		{12FB77E4-7C30-4B7B-855D-517F1A8ECB61}.Debug|Any CPU.ActiveCfg = Debug|Any CPU
		{12FB77E4-7C30-4B7B-855D-517F1A8ECB61}.Debug|Any CPU.Build.0 = Debug|Any CPU
		{12FB77E4-7C30-4B7B-855D-517F1A8ECB61}.Release|Any CPU.ActiveCfg = Release|Any CPU
		{12FB77E4-7C30-4B7B-855D-517F1A8ECB61}.Release|Any CPU.Build.0 = Release|Any CPU
	EndGlobalSection
	GlobalSection(SolutionProperties) = preSolution
		HideSolutionNode = FALSE
	EndGlobalSection
	GlobalSection(ExtensibilityGlobals) = postSolution
		SolutionGuid = {15EE3677-B6C5-4107-8185-0DE2BD61AB8A}
	EndGlobalSection
EndGlobal
