
Microsoft Visual Studio Solution File, Format Version 12.00
# Visual Studio 15
VisualStudioVersion = 15.0.28010.2046
MinimumVisualStudioVersion = 10.0.40219.1
Project("{FAE04EC0-301F-11D3-BF4B-00C04F79EFBC}") = "DoWhileForEachLoop", "DoWhileForEachLoop\DoWhileForEachLoop.csproj", "{499CC5B1-96D9-4BF2-B664-7101976850FB}"
EndProject
Global
	GlobalSection(SolutionConfigurationPlatforms) = preSolution
		Debug|Any CPU = Debug|Any CPU
		Release|Any CPU = Release|Any CPU
	EndGlobalSection
	GlobalSection(ProjectConfigurationPlatforms) = postSolution
		{499CC5B1-96D9-4BF2-B664-7101976850FB}.Debug|Any CPU.ActiveCfg = Debug|Any CPU
		{499CC5B1-96D9-4BF2-B664-7101976850FB}.Debug|Any CPU.Build.0 = Debug|Any CPU
		{499CC5B1-96D9-4BF2-B664-7101976850FB}.Release|Any CPU.ActiveCfg = Release|Any CPU
		{499CC5B1-96D9-4BF2-B664-7101976850FB}.Release|Any CPU.Build.0 = Release|Any CPU
	EndGlobalSection
	GlobalSection(SolutionProperties) = preSolution
		HideSolutionNode = FALSE
	EndGlobalSection
	GlobalSection(ExtensibilityGlobals) = postSolution
		SolutionGuid = {1DD3665C-4722-4AA1-A1CC-470141BD7CA1}
	EndGlobalSection
EndGlobal
