
Microsoft Visual Studio Solution File, Format Version 12.00
# Visual Studio 15
VisualStudioVersion = 15.0.28010.2046
MinimumVisualStudioVersion = 10.0.40219.1
Project("{FAE04EC0-301F-11D3-BF4B-00C04F79EFBC}") = "DoWhileBoolean", "DoWhileBoolean\DoWhileBoolean.csproj", "{F959CA2D-10FA-423A-BF6F-6B8013083FB4}"
EndProject
Global
	GlobalSection(SolutionConfigurationPlatforms) = preSolution
		Debug|Any CPU = Debug|Any CPU
		Release|Any CPU = Release|Any CPU
	EndGlobalSection
	GlobalSection(ProjectConfigurationPlatforms) = postSolution
		{F959CA2D-10FA-423A-BF6F-6B8013083FB4}.Debug|Any CPU.ActiveCfg = Debug|Any CPU
		{F959CA2D-10FA-423A-BF6F-6B8013083FB4}.Debug|Any CPU.Build.0 = Debug|Any CPU
		{F959CA2D-10FA-423A-BF6F-6B8013083FB4}.Release|Any CPU.ActiveCfg = Release|Any CPU
		{F959CA2D-10FA-423A-BF6F-6B8013083FB4}.Release|Any CPU.Build.0 = Release|Any CPU
	EndGlobalSection
	GlobalSection(SolutionProperties) = preSolution
		HideSolutionNode = FALSE
	EndGlobalSection
	GlobalSection(ExtensibilityGlobals) = postSolution
		SolutionGuid = {F9E145DE-6C6D-4030-872A-4B8908834361}
	EndGlobalSection
EndGlobal
