
Microsoft Visual Studio Solution File, Format Version 12.00
# Visual Studio 15
VisualStudioVersion = 15.0.28010.2046
MinimumVisualStudioVersion = 10.0.40219.1
Project("{FAE04EC0-301F-11D3-BF4B-00C04F79EFBC}") = "Exercise_Overloading", "Exercise_Overloading\Exercise_Overloading.csproj", "{419E4FEB-1391-4AB1-BDF7-96593BBE177A}"
EndProject
Global
	GlobalSection(SolutionConfigurationPlatforms) = preSolution
		Debug|Any CPU = Debug|Any CPU
		Release|Any CPU = Release|Any CPU
	EndGlobalSection
	GlobalSection(ProjectConfigurationPlatforms) = postSolution
		{419E4FEB-1391-4AB1-BDF7-96593BBE177A}.Debug|Any CPU.ActiveCfg = Debug|Any CPU
		{419E4FEB-1391-4AB1-BDF7-96593BBE177A}.Debug|Any CPU.Build.0 = Debug|Any CPU
		{419E4FEB-1391-4AB1-BDF7-96593BBE177A}.Release|Any CPU.ActiveCfg = Release|Any CPU
		{419E4FEB-1391-4AB1-BDF7-96593BBE177A}.Release|Any CPU.Build.0 = Release|Any CPU
	EndGlobalSection
	GlobalSection(SolutionProperties) = preSolution
		HideSolutionNode = FALSE
	EndGlobalSection
	GlobalSection(ExtensibilityGlobals) = postSolution
		SolutionGuid = {18525606-0EC2-4CF7-B644-936D46D36B6E}
	EndGlobalSection
EndGlobal
