
Microsoft Visual Studio Solution File, Format Version 12.00
# Visual Studio 15
VisualStudioVersion = 15.0.28010.2046
MinimumVisualStudioVersion = 10.0.40219.1
Project("{FAE04EC0-301F-11D3-BF4B-00C04F79EFBC}") = "Jackpot21", "Jackpot21\Jackpot21.csproj", "{C6DE553E-F79D-4EEA-A03E-7B25D0888D5B}"
EndProject
Global
	GlobalSection(SolutionConfigurationPlatforms) = preSolution
		Debug|Any CPU = Debug|Any CPU
		Release|Any CPU = Release|Any CPU
	EndGlobalSection
	GlobalSection(ProjectConfigurationPlatforms) = postSolution
		{C6DE553E-F79D-4EEA-A03E-7B25D0888D5B}.Debug|Any CPU.ActiveCfg = Debug|Any CPU
		{C6DE553E-F79D-4EEA-A03E-7B25D0888D5B}.Debug|Any CPU.Build.0 = Debug|Any CPU
		{C6DE553E-F79D-4EEA-A03E-7B25D0888D5B}.Release|Any CPU.ActiveCfg = Release|Any CPU
		{C6DE553E-F79D-4EEA-A03E-7B25D0888D5B}.Release|Any CPU.Build.0 = Release|Any CPU
	EndGlobalSection
	GlobalSection(SolutionProperties) = preSolution
		HideSolutionNode = FALSE
	EndGlobalSection
	GlobalSection(ExtensibilityGlobals) = postSolution
		SolutionGuid = {DCCCA43A-AEEB-455E-8901-150FFCDD158F}
	EndGlobalSection
EndGlobal
