
Microsoft Visual Studio Solution File, Format Version 12.00
# Visual Studio 15
VisualStudioVersion = 15.0.28307.102
MinimumVisualStudioVersion = 10.0.40219.1
Project("{FAE04EC0-301F-11D3-BF4B-00C04F79EFBC}") = "OddEven", "OddEven\OddEven.csproj", "{61F4BC07-E82E-4CEE-8A53-66FEEE75A5FC}"
EndProject
Global
	GlobalSection(SolutionConfigurationPlatforms) = preSolution
		Debug|Any CPU = Debug|Any CPU
		Release|Any CPU = Release|Any CPU
	EndGlobalSection
	GlobalSection(ProjectConfigurationPlatforms) = postSolution
		{61F4BC07-E82E-4CEE-8A53-66FEEE75A5FC}.Debug|Any CPU.ActiveCfg = Debug|Any CPU
		{61F4BC07-E82E-4CEE-8A53-66FEEE75A5FC}.Debug|Any CPU.Build.0 = Debug|Any CPU
		{61F4BC07-E82E-4CEE-8A53-66FEEE75A5FC}.Release|Any CPU.ActiveCfg = Release|Any CPU
		{61F4BC07-E82E-4CEE-8A53-66FEEE75A5FC}.Release|Any CPU.Build.0 = Release|Any CPU
	EndGlobalSection
	GlobalSection(SolutionProperties) = preSolution
		HideSolutionNode = FALSE
	EndGlobalSection
	GlobalSection(ExtensibilityGlobals) = postSolution
		SolutionGuid = {E2CBB24A-64B2-4292-881A-942B65CA3CDF}
	EndGlobalSection
EndGlobal
